
Microsoft Visual Studio Solution File, Format Version 12.00
# Visual Studio Version 17
VisualStudioVersion = 17.0.31903.59
MinimumVisualStudioVersion = 10.0.40219.1
Project("{FAE04EC0-301F-11D3-BF4B-00C04F79EFBC}") = "APITienda", "APITienda\APITienda.csproj", "{BD03100B-1D7F-4D96-81BA-5ED75F1CECE2}"
EndProject
Project("{FAE04EC0-301F-11D3-BF4B-00C04F79EFBC}") = "Core", "Core\Core.csproj", "{680B4FD0-46D4-4CE2-9DC5-29ED48225D00}"
EndProject
Project("{FAE04EC0-301F-11D3-BF4B-00C04F79EFBC}") = "Infraestructure", "Infraestructure\Infraestructure.csproj", "{8098067B-A407-4A9A-BA05-B6EF06582EA7}"
EndProject
Global
	GlobalSection(SolutionConfigurationPlatforms) = preSolution
		Debug|Any CPU = Debug|Any CPU
		Release|Any CPU = Release|Any CPU
	EndGlobalSection
	GlobalSection(SolutionProperties) = preSolution
		HideSolutionNode = FALSE
	EndGlobalSection
	GlobalSection(ProjectConfigurationPlatforms) = postSolution
		{BD03100B-1D7F-4D96-81BA-5ED75F1CECE2}.Debug|Any CPU.ActiveCfg = Debug|Any CPU
		{BD03100B-1D7F-4D96-81BA-5ED75F1CECE2}.Debug|Any CPU.Build.0 = Debug|Any CPU
		{BD03100B-1D7F-4D96-81BA-5ED75F1CECE2}.Release|Any CPU.ActiveCfg = Release|Any CPU
		{BD03100B-1D7F-4D96-81BA-5ED75F1CECE2}.Release|Any CPU.Build.0 = Release|Any CPU
		{680B4FD0-46D4-4CE2-9DC5-29ED48225D00}.Debug|Any CPU.ActiveCfg = Debug|Any CPU
		{680B4FD0-46D4-4CE2-9DC5-29ED48225D00}.Debug|Any CPU.Build.0 = Debug|Any CPU
		{680B4FD0-46D4-4CE2-9DC5-29ED48225D00}.Release|Any CPU.ActiveCfg = Release|Any CPU
		{680B4FD0-46D4-4CE2-9DC5-29ED48225D00}.Release|Any CPU.Build.0 = Release|Any CPU
		{8098067B-A407-4A9A-BA05-B6EF06582EA7}.Debug|Any CPU.ActiveCfg = Debug|Any CPU
		{8098067B-A407-4A9A-BA05-B6EF06582EA7}.Debug|Any CPU.Build.0 = Debug|Any CPU
		{8098067B-A407-4A9A-BA05-B6EF06582EA7}.Release|Any CPU.ActiveCfg = Release|Any CPU
		{8098067B-A407-4A9A-BA05-B6EF06582EA7}.Release|Any CPU.Build.0 = Release|Any CPU
	EndGlobalSection
EndGlobal
